{
  "name": "cqrs-lite-common",
  "version": "1.0.0",
  "lockfileVersion": 1,
  "requires": true,
  "dependencies": {
    "@types/memory-cache": {
      "version": "0.2.0",
      "resolved": "https://registry.npmjs.org/@types/memory-cache/-/memory-cache-0.2.0.tgz",
      "integrity": "sha512-zDj+12RJaigGdbd00auPN2KXeQyPVv1ad+54Dcm+cVgiI7cWXher3s9fPZwHMLr1Ji2fcVhccmtDa2mIBlvnlQ=="
    },
    "@types/node": {
      "version": "11.12.1",
      "resolved": "https://registry.npmjs.org/@types/node/-/node-11.12.1.tgz",
      "integrity": "sha512-sKDlqv6COJrR7ar0+GqqhrXQDzQlMcqMnF2iEU6m9hLo8kxozoAGUazwPyELHlRVmjsbvlnGXjnzyptSXVmceA=="
    },
    "@types/redis": {
      "version": "2.8.12",
      "resolved": "https://registry.npmjs.org/@types/redis/-/redis-2.8.12.tgz",
      "integrity": "sha512-eT5cGYr08OnF6OlAHdc2hVOBAKBpfQQNQHsWEvUwRPFiXRd+vv+hOHSSIo4xB7M5vZOZdjMT2OUlXYqo3YlIGQ==",
      "requires": {
        "@types/node": "*"
      }
    },
    "@types/uuid": {
      "version": "3.4.4",
      "resolved": "https://registry.npmjs.org/@types/uuid/-/uuid-3.4.4.tgz",
      "integrity": "sha512-tPIgT0GUmdJQNSHxp0X2jnpQfBSTfGxUMc/2CXBU2mnyTFVYVa2ojpoQ74w0U2yn2vw3jnC640+77lkFFpdVDw==",
      "requires": {
        "@types/node": "*"
      }
    },
    "automapper-ts": {
      "version": "1.9.0",
      "resolved": "https://registry.npmjs.org/automapper-ts/-/automapper-ts-1.9.0.tgz",
      "integrity": "sha512-GVk0lYG2vZEMnor6kknwdW0nfWv9TW2/PfNWlHsGVXHkCYGTzzG27AuVwPcOzoPfgEU0AHMCB+4K7iKd33i8ZQ=="
    },
    "double-ended-queue": {
      "version": "2.1.0-0",
      "resolved": "https://registry.npmjs.org/double-ended-queue/-/double-ended-queue-2.1.0-0.tgz",
      "integrity": "sha1-ED01J/0xUo9AGIEwyEHv3XgmTlw="
    },
    "memory-cache": {
      "version": "0.2.0",
      "resolved": "https://registry.npmjs.org/memory-cache/-/memory-cache-0.2.0.tgz",
      "integrity": "sha1-eJCwHVLADI68nVM+H46xfjA0hxo="
    },
    "redis": {
      "version": "2.8.0",
      "resolved": "https://registry.npmjs.org/redis/-/redis-2.8.0.tgz",
      "integrity": "sha512-M1OkonEQwtRmZv4tEWF2VgpG0JWJ8Fv1PhlgT5+B+uNq2cA3Rt1Yt/ryoR+vQNOQcIEgdCdfH0jr3bDpihAw1A==",
      "requires": {
        "double-ended-queue": "^2.1.0-0",
        "redis-commands": "^1.2.0",
        "redis-parser": "^2.6.0"
      }
    },
    "redis-commands": {
      "version": "1.4.0",
      "resolved": "https://registry.npmjs.org/redis-commands/-/redis-commands-1.4.0.tgz",
      "integrity": "sha512-cu8EF+MtkwI4DLIT0x9P8qNTLFhQD4jLfxLR0cCNkeGzs87FN6879JOJwNQR/1zD7aSYNbU0hgsV9zGY71Itvw=="
    },
    "redis-parser": {
      "version": "2.6.0",
      "resolved": "https://registry.npmjs.org/redis-parser/-/redis-parser-2.6.0.tgz",
      "integrity": "sha1-Uu0J2srBCPGmMcB+m2mUHnoZUEs="
    },
    "typescript": {
      "version": "3.3.4000",
      "resolved": "https://registry.npmjs.org/typescript/-/typescript-3.3.4000.tgz",
      "integrity": "sha512-jjOcCZvpkl2+z7JFn0yBOoLQyLoIkNZAs/fYJkUG6VKy6zLPHJGfQJYFHzibB6GJaF/8QrcECtlQ5cpvRHSMEA==",
      "dev": true
    },
    "uuid": {
      "version": "3.3.2",
      "resolved": "https://registry.npmjs.org/uuid/-/uuid-3.3.2.tgz",
      "integrity": "sha512-yXJmeNaw3DnnKAOKJE51sL/ZaYfWJRl1pK9dr19YFCu0ObS231AB1/LbqTKRAQ5kw8A90rA6fr4riOUpTZvQZA=="
    }
  }
}
